{
  "name": "tanstack_start_ts",
  "lockfileVersion": 3,
  "requires": true,
  "packages": {
    "": {
      "name": "tanstack_start_ts",
      "dependencies": {
        "@fontsource-variable/inter": "^5.2.8",
        "@hookform/resolvers": "^5.2.2",
        "@radix-ui/react-accordion": "^1.2.12",
        "@radix-ui/react-alert-dialog": "^1.1.15",
        "@radix-ui/react-aspect-ratio": "^1.1.8",
        "@radix-ui/react-avatar": "^1.1.11",
        "@radix-ui/react-checkbox": "^1.3.3",
        "@radix-ui/react-collapsible": "^1.1.12",
        "@radix-ui/react-context-menu": "^2.2.16",
        "@radix-ui/react-dialog": "^1.1.15",
        "@radix-ui/react-dropdown-menu": "^2.1.16",
        "@radix-ui/react-hover-card": "^1.1.15",
        "@radix-ui/react-label": "^2.1.8",
        "@radix-ui/react-menubar": "^1.1.16",
        "@radix-ui/react-navigation-menu": "^1.2.14",
        "@radix-ui/react-popover": "^1.1.15",
        "@radix-ui/react-progress": "^1.1.8",
        "@radix-ui/react-radio-group": "^1.3.8",
        "@radix-ui/react-scroll-area": "^1.2.10",
        "@radix-ui/react-select": "^2.2.6",
        "@radix-ui/react-separator": "^1.1.8",
        "@radix-ui/react-slider": "^1.3.6",
        "@radix-ui/react-slot": "^1.2.4",
        "@radix-ui/react-switch": "^1.2.6",
        "@radix-ui/react-tabs": "^1.1.13",
        "@radix-ui/react-toggle": "^1.1.10",
        "@radix-ui/react-toggle-group": "^1.1.11",
        "@radix-ui/react-tooltip": "^1.2.8",
        "@react-oauth/google": "^0.13.5",
        "@tailwindcss/vite": "^4.2.1",
        "@tanstack/react-query": "^5.101.1",
        "@tanstack/react-router": "^1.170.16",
        "@tanstack/react-start": "^1.168.26",
        "@tanstack/router-plugin": "^1.168.18",
        "@types/jsonwebtoken": "^9.0.10",
        "@types/leaflet": "^1.9.21",
        "class-variance-authority": "^0.7.1",
        "clsx": "^2.1.1",
        "cmdk": "^1.1.1",
        "date-fns": "^4.1.0",
        "embla-carousel-react": "^8.6.0",
        "framer-motion": "^12.42.0",
        "google-auth-library": "^10.9.0",
        "input-otp": "^1.4.2",
        "jsonwebtoken": "^9.0.3",
        "leaflet": "^1.9.4",
        "lucide-react": "^0.575.0",
        "mongoose": "^9.7.3",
        "react": "^19.2.0",
        "react-day-picker": "^9.14.0",
        "react-dom": "^19.2.0",
        "react-hook-form": "^7.71.2",
        "react-resizable-panels": "^4.6.5",
        "recharts": "^2.15.4",
        "sonner": "^2.0.7",
        "tailwind-merge": "^3.5.0",
        "tailwindcss": "^4.2.1",
        "tw-animate-css": "^1.3.4",
        "vaul": "^1.1.2",
        "vite-tsconfig-paths": "^6.0.2",
        "zod": "^3.24.2",
        "zustand": "^5.0.14"
      },
      "devDependencies": {
        "@eslint/js": "^9.32.0",
        "@lovable.dev/vite-tanstack-config": "^2.6.2",
        "@playwright/test": "^1.61.1",
        "@types/node": "^22.16.5",
        "@types/react": "^19.2.0",
        "@types/react-dom": "^19.2.0",
        "@vitejs/plugin-react": "^5.2.0",
        "eslint": "^9.32.0",
        "eslint-config-prettier": "^10.1.1",
        "eslint-plugin-prettier": "^5.2.6",
        "eslint-plugin-react-hooks": "^5.2.0",
        "eslint-plugin-react-refresh": "^0.4.20",
        "globals": "^15.15.0",
        "nitro": "3.0.260603-beta",
        "playwright": "^1.61.1",
        "prettier": "^3.7.3",
        "typescript": "^5.8.3",
        "typescript-eslint": "^8.56.1",
        "vite": "^8.0.16"
      }
    },
    "node_modules/@fontsource-variable/inter": {
      "version": "5.2.8",
      "resolved": "https://registry.npmjs.org/@fontsource-variable/inter/-/inter-5.2.8.tgz",
      "integrity": "sha512-kOfP2D+ykbcX/P3IFnokOhVRNoTozo5/JxhAIVYLpea/UBmCQ/YWPBfWIDuBImXX/15KH+eKh4xpEUyS2sQQGQ==",
      "license": "OFL-1.1",
      "funding": {
        "url": "https://github.com/sponsors/ayuhito"
      }
    },
    "node_modules/@hookform/resolvers": {
      "version": "5.4.0",
      "resolved": "https://registry.npmjs.org/@hookform/resolvers/-/resolvers-5.4.0.tgz",
      "integrity": "sha512-EIsqr/t/qbinPIhGjMdtvutIN1Kk4uwbROE9/UQ93CAVGR7GkA7Y92+fX80OzXi/OB67jVFYwKGO1WzkxmkFZw==",
      "license": "MIT",
      "dependencies": {
        "@standard-schema/utils": "^0.3.0"
      },
      "peerDependencies": {
        "react-hook-form": "^7.55.0"
      }
    },
    "node_modules/@radix-ui/react-accordion": {
      "version": "1.2.14",
      "resolved": "https://registry.npmjs.org/@radix-ui/react-accordion/-/react-accordion-1.2.14.tgz",
      "integrity": "sha512-iE8YB9nmTBH8zd73ofBISZ8JCzgMoMkATJr7qDwa6u5F1+7mTM81V6fa71jgZ65rpjVpecDf1vSnwIFP9Ly1zw==",
      "license": "MIT",
      "peerDependencies": {
        "@types/react": "*",
        "@types/react-dom": "*",
        "react": "^16.8 || ^17.0 || ^18.0 || ^19.0 || ^19.0.0-rc",
        "react-dom": "^16.8 || ^17.0 || ^18.0 || ^19.0 || ^19.0.0-rc"
      },
      "peerDependenciesMeta": {
        "@types/react": {
          "optional": true
        },
        "@types/react-dom": {
          "optional": true
        }
      }
    },
    "node_modules/@tailwindcss/vite": {
      "version": "4.2.1",
      "resolved": "https://registry.npmjs.org/@tailwindcss/vite/-/vite-4.2.1.tgz",
      "integrity": "sha512-vhBdVFY/pM+3PZWHpGqEejqhS3pzn6bF1y4Pq3dHv5rjC5TrLvGpbSRjKvl6E6CdTbIgM5xhAGLH7rvWQRpRA=="
    },
    "node_modules/@tanstack/react-query": {
      "version": "5.101.1",
      "resolved": "https://registry.npmjs.org/@tanstack/react-query/-/react-query-5.101.1.tgz",
      "integrity": "sha512-vCKnhT8lZ+VmA6U7vNEkPYvVnmY8wIzwjnBc7pZcZYhCFQwMr3q5sTzQrUoKlzqz6JlBGMCWvWqljL6oTVkQ=="
    },
    "node_modules/@tanstack/react-router": {
      "version": "1.170.16",
      "resolved": "https://registry.npmjs.org/@tanstack/react-router/-/react-router-1.170.16.tgz",
      "integrity": "sha512-CX6nZwxZMr4vWzL5YN7rGc0J4LzOZvB34zfqk8tKgxvB0b7+C0"
    },
    "node_modules/@tanstack/react-start": {
      "version": "1.168.26",
      "resolved": "https://registry.npmjs.org/@tanstack/react-start/-/react-start-1.168.26.tgz",
      "integrity": "sha512-J+2LG3s4TLLvhJmqxJ0PzZq7C7jQ5gE2Z8y8+oYl"
    },
    "node_modules/@types/jsonwebtoken": {
      "version": "9.0.10",
      "resolved": "https://registry.npmjs.org/@types/jsonwebtoken/-/jsonwebtoken-9.0.10.tgz",
      "integrity": "sha512-Y1yw8c+xJNn8zV5XfJ1bMeVHvdCPJpDvNX6P5YDUnjR7DsHFX7y5mj"
    },
    "node_modules/mongoose": {
      "version": "9.7.3",
      "resolved": "https://registry.npmjs.org/mongoose/-/mongoose-9.7.3.tgz",
      "integrity": "sha512-m5KQWE0s1Wd5iCkJEz/OiDjUX8nDHm6n2d8nwCVmH0XLqTX"
    },
    "node_modules/react": {
      "version": "19.2.0",
      "resolved": "https://registry.npmjs.org/react/-/react-19.2.0.tgz",
      "integrity": "sha512-A3mPQ8YCf5kO8m5T/CmY/lG+"
    },
    "node_modules/react-dom": {
      "version": "19.2.0",
      "resolved": "https://registry.npmjs.org/react-dom/-/react-dom-19.2.0.tgz",
      "integrity": "sha512-VTB/lE+8hH"
    },
    "node_modules/jsonwebtoken": {
      "version": "9.0.3",
      "resolved": "https://registry.npmjs.org/jsonwebtoken/-/jsonwebtoken-9.0.3.tgz",
      "integrity": "sha512-q1Cd"
    },
    "node_modules/tailwindcss": {
      "version": "4.2.1",
      "resolved": "https://registry.npmjs.org/tailwindcss/-/tailwindcss-4.2.1.tgz",
      "integrity": "sha512-mj6N"
    },
    "node_modules/vite": {
      "version": "8.0.16",
      "resolved": "https://registry.npmjs.org/vite/-/vite-8.0.16.tgz",
      "integrity": "sha512-zFN",
      "dev": true,
      "engines": {
        "node": ">=16.0.0"
      }
    },
    "node_modules/typescript": {
      "version": "5.8.3",
      "resolved": "https://registry.npmjs.org/typescript/-/typescript-5.8.3.tgz",
      "integrity": "sha512-9k3",
      "dev": true,
      "bin": {
        "tsc": "bin/tsc",
        "tsserver": "bin/tsserver"
      }
    },
    "node_modules/eslint": {
      "version": "9.32.0",
      "resolved": "https://registry.npmjs.org/eslint/-/eslint-9.32.0.tgz",
      "integrity": "sha512-iE8",
      "dev": true
    },
    "node_modules/prettier": {
      "version": "3.7.3",
      "resolved": "https://registry.npmjs.org/prettier/-/prettier-3.7.3.tgz",
      "integrity": "sha512-YW",
      "dev": true,
      "bin": {
        "prettier": "bin-prettier.js"
      }
    },
    "node_modules/zod": {
      "version": "3.24.2",
      "resolved": "https://registry.npmjs.org/zod/-/zod-3.24.2.tgz",
      "integrity": "sha512-Zo"
    },
    "node_modules/zustand": {
      "version": "5.0.14",
      "resolved": "https://registry.npmjs.org/zustand/-/zustand-5.0.14.tgz",
      "integrity": "sha512-iE"
    },
    "node_modules/date-fns": {
      "version": "4.1.0",
      "resolved": "https://registry.npmjs.org/date-fns/-/date-fns-4.1.0.tgz",
      "integrity": "sha512-CO"
    },
    "node_modules/framer-motion": {
      "version": "12.42.0",
      "resolved": "https://registry.npmjs.org/framer-motion/-/framer-motion-12.42.0.tgz",
      "integrity": "sha512-zP"
    },
    "node_modules/sonner": {
      "version": "2.0.7",
      "resolved": "https://registry.npmjs.org/sonner/-/sonner-2.0.7.tgz",
      "integrity": "sha512-ab"
    },
    "node_modules/lucide-react": {
      "version": "0.575.0",
      "resolved": "https://registry.npmjs.org/lucide-react/-/lucide-react-0.575.0.tgz",
      "integrity": "sha512-iE"
    },
    "node_modules/@standard-schema/utils": {
      "version": "0.3.0",
      "resolved": "https://registry.npmjs.org/@standard-schema/utils/-/utils-0.3.0.tgz",
      "integrity": "sha512-tD"
    }
  }
}
